// !$*UTF8*$!
{
	archiveVersion = 1;
	classes = {
	};
	objectVersion = 46;
	objects = {

/* Begin PBXBuildFile section */
		0E056B8F198312FF001BD53D /* RouteTableViewCell.m in Sources */ = {isa = PBXBuildFile; fileRef = 0E056B8E198312FF001BD53D /* RouteTableViewCell.m */; };
		0E056B9519848664001BD53D /* UIColor+DesignColors.m in Sources */ = {isa = PBXBuildFile; fileRef = 0E056B9419848664001BD53D /* UIColor+DesignColors.m */; };
		0E08198D1986F3AB00CBF509 /* TimerViewController.m in Sources */ = {isa = PBXBuildFile; fileRef = 0E08198C1986F3AB00CBF509 /* TimerViewController.m */; };
		0E08198F19872D7100CBF509 /* AudioToolbox.framework in Frameworks */ = {isa = PBXBuildFile; fileRef = 0E08198E19872D7100CBF509 /* AudioToolbox.framework */; };
		0E08199319881BED00CBF509 /* TDOAuth.m in Sources */ = {isa = PBXBuildFile; fileRef = 0E08199219881BED00CBF509 /* TDOAuth.m */; };
		0E081996198824E500CBF509 /* YelpLocation.m in Sources */ = {isa = PBXBuildFile; fileRef = 0E081995198824E500CBF509 /* YelpLocation.m */; };
		0E0819981988295000CBF509 /* building.png in Resources */ = {isa = PBXBuildFile; fileRef = 0E0819971988295000CBF509 /* building.png */; };
		0E08199B1988307300CBF509 /* FoodAnnotation.m in Sources */ = {isa = PBXBuildFile; fileRef = 0E08199A1988307300CBF509 /* FoodAnnotation.m */; };
		0E08199E1988309300CBF509 /* DrinkAnnotation.m in Sources */ = {isa = PBXBuildFile; fileRef = 0E08199D1988309300CBF509 /* DrinkAnnotation.m */; };
		0E0819A1198830AB00CBF509 /* ShopAnnotation.m in Sources */ = {isa = PBXBuildFile; fileRef = 0E0819A0198830AB00CBF509 /* ShopAnnotation.m */; };
		0E0819A4198830BC00CBF509 /* SightseeAnnotation.m in Sources */ = {isa = PBXBuildFile; fileRef = 0E0819A3198830BC00CBF509 /* SightseeAnnotation.m */; };
		0E0819A7198830CC00CBF509 /* MusicAnnotation.m in Sources */ = {isa = PBXBuildFile; fileRef = 0E0819A6198830CC00CBF509 /* MusicAnnotation.m */; };
		0E0819CA19897F3100CBF509 /* MKAnnotationView+WebCache.m in Sources */ = {isa = PBXBuildFile; fileRef = 0E0819AA19897F3000CBF509 /* MKAnnotationView+WebCache.m */; };
		0E0819CB19897F3100CBF509 /* NSData+ImageContentType.m in Sources */ = {isa = PBXBuildFile; fileRef = 0E0819AC19897F3000CBF509 /* NSData+ImageContentType.m */; };
		0E0819CC19897F3100CBF509 /* SDImageCache.m in Sources */ = {isa = PBXBuildFile; fileRef = 0E0819AE19897F3000CBF509 /* SDImageCache.m */; };
		0E0819CD19897F3100CBF509 /* SDWebImageCompat.m in Sources */ = {isa = PBXBuildFile; fileRef = 0E0819B019897F3000CBF509 /* SDWebImageCompat.m */; };
		0E0819CE19897F3100CBF509 /* SDWebImageDecoder.m in Sources */ = {isa = PBXBuildFile; fileRef = 0E0819B219897F3000CBF509 /* SDWebImageDecoder.m */; };
		0E0819CF19897F3100CBF509 /* SDWebImageDownloader.m in Sources */ = {isa = PBXBuildFile; fileRef = 0E0819B419897F3000CBF509 /* SDWebImageDownloader.m */; };
		0E0819D019897F3100CBF509 /* SDWebImageDownloaderOperation.m in Sources */ = {isa = PBXBuildFile; fileRef = 0E0819B619897F3100CBF509 /* SDWebImageDownloaderOperation.m */; };
		0E0819D119897F3100CBF509 /* SDWebImageManager.m in Sources */ = {isa = PBXBuildFile; fileRef = 0E0819B819897F3100CBF509 /* SDWebImageManager.m */; };
		0E0819D219897F3100CBF509 /* SDWebImagePrefetcher.m in Sources */ = {isa = PBXBuildFile; fileRef = 0E0819BB19897F3100CBF509 /* SDWebImagePrefetcher.m */; };
		0E0819D319897F3100CBF509 /* UIButton+WebCache.m in Sources */ = {isa = PBXBuildFile; fileRef = 0E0819BD19897F3100CBF509 /* UIButton+WebCache.m */; };
		0E0819D419897F3100CBF509 /* UIImage+GIF.m in Sources */ = {isa = PBXBuildFile; fileRef = 0E0819BF19897F3100CBF509 /* UIImage+GIF.m */; };
		0E0819D519897F3100CBF509 /* UIImage+MultiFormat.m in Sources */ = {isa = PBXBuildFile; fileRef = 0E0819C119897F3100CBF509 /* UIImage+MultiFormat.m */; };
		0E0819D619897F3100CBF509 /* UIImage+WebP.m in Sources */ = {isa = PBXBuildFile; fileRef = 0E0819C319897F3100CBF509 /* UIImage+WebP.m */; };
		0E0819D719897F3100CBF509 /* UIImageView+HighlightedWebCache.m in Sources */ = {isa = PBXBuildFile; fileRef = 0E0819C519897F3100CBF509 /* UIImageView+HighlightedWebCache.m */; };
		0E0819D819897F3100CBF509 /* UIImageView+WebCache.m in Sources */ = {isa = PBXBuildFile; fileRef = 0E0819C719897F3100CBF509 /* UIImageView+WebCache.m */; };
		0E0819D919897F3100CBF509 /* UIView+WebCacheOperation.m in Sources */ = {isa = PBXBuildFile; fileRef = 0E0819C919897F3100CBF509 /* UIView+WebCacheOperation.m */; };
		0E0819DC198989E300CBF509 /* YelpTableViewCell.m in Sources */ = {isa = PBXBuildFile; fileRef = 0E0819DB198989E300CBF509 /* YelpTableViewCell.m */; };
		0E0FD84C196CA40A00A26E2B /* DestinationAnnotation.m in Sources */ = {isa = PBXBuildFile; fileRef = 0E0FD84B196CA40A00A26E2B /* DestinationAnnotation.m */; };
		0E1E759419809A2A00357F31 /* SearchViewController.m in Sources */ = {isa = PBXBuildFile; fileRef = 0E1E759319809A2A00357F31 /* SearchViewController.m */; };
		0E4A5B4D196B30CB00273EA6 /* DivvyBikeAnnotation.m in Sources */ = {isa = PBXBuildFile; fileRef = 0E4A5B4C196B30CB00273EA6 /* DivvyBikeAnnotation.m */; };
		0E4A5B50196B30E600273EA6 /* NoBikesAnnotation.m in Sources */ = {isa = PBXBuildFile; fileRef = 0E4A5B4F196B30E600273EA6 /* NoBikesAnnotation.m */; };
		0E4A5B53196B30F900273EA6 /* NoDocksAnnotation.m in Sources */ = {isa = PBXBuildFile; fileRef = 0E4A5B52196B30F900273EA6 /* NoDocksAnnotation.m */; };
		0E4A5B56196B370C00273EA6 /* InitialViewController.m in Sources */ = {isa = PBXBuildFile; fileRef = 0E4A5B55196B370C00273EA6 /* InitialViewController.m */; };
		0E4A5B59196B462600273EA6 /* StationDetailViewController.m in Sources */ = {isa = PBXBuildFile; fileRef = 0E4A5B58196B462600273EA6 /* StationDetailViewController.m */; };
		0E4A5B62196B4E4D00273EA6 /* MapViewController.m in Sources */ = {isa = PBXBuildFile; fileRef = 0E4A5B61196B4E4D00273EA6 /* MapViewController.m */; };
		0E4A5B68196BA51800273EA6 /* Foundation.framework in Frameworks */ = {isa = PBXBuildFile; fileRef = 0EB161441943D30200A2F96B /* Foundation.framework */; };
		0E4A5B69196BA51800273EA6 /* CoreGraphics.framework in Frameworks */ = {isa = PBXBuildFile; fileRef = 0EB161461943D30200A2F96B /* CoreGraphics.framework */; };
		0E4A5B6A196BA51800273EA6 /* UIKit.framework in Frameworks */ = {isa = PBXBuildFile; fileRef = 0EB161481943D30200A2F96B /* UIKit.framework */; };
		0E4A5B84196BA51800273EA6 /* XCTest.framework in Frameworks */ = {isa = PBXBuildFile; fileRef = 0EB161631943D30200A2F96B /* XCTest.framework */; };
		0E4A5B85196BA51800273EA6 /* Foundation.framework in Frameworks */ = {isa = PBXBuildFile; fileRef = 0EB161441943D30200A2F96B /* Foundation.framework */; };
		0E4A5B86196BA51800273EA6 /* UIKit.framework in Frameworks */ = {isa = PBXBuildFile; fileRef = 0EB161481943D30200A2F96B /* UIKit.framework */; };
		0E85B191194629D500DE5E6C /* BikeTableViewCell.m in Sources */ = {isa = PBXBuildFile; fileRef = 0E85B190194629D500DE5E6C /* BikeTableViewCell.m */; };
		0E85B1931946F24700DE5E6C /* AddressBookUI.framework in Frameworks */ = {isa = PBXBuildFile; fileRef = 0E85B1921946F24700DE5E6C /* AddressBookUI.framework */; };
		0E918D7C1982039E006041B2 /* TripTableViewCell.m in Sources */ = {isa = PBXBuildFile; fileRef = 0E918D7B1982039E006041B2 /* TripTableViewCell.m */; };
		0EB161451943D30200A2F96B /* Foundation.framework in Frameworks */ = {isa = PBXBuildFile; fileRef = 0EB161441943D30200A2F96B /* Foundation.framework */; };
		0EB161471943D30200A2F96B /* CoreGraphics.framework in Frameworks */ = {isa = PBXBuildFile; fileRef = 0EB161461943D30200A2F96B /* CoreGraphics.framework */; };
		0EB161491943D30200A2F96B /* UIKit.framework in Frameworks */ = {isa = PBXBuildFile; fileRef = 0EB161481943D30200A2F96B /* UIKit.framework */; };
		0EB1614F1943D30200A2F96B /* InfoPlist.strings in Resources */ = {isa = PBXBuildFile; fileRef = 0EB1614D1943D30200A2F96B /* InfoPlist.strings */; };
		0EB161511943D30200A2F96B /* main.m in Sources */ = {isa = PBXBuildFile; fileRef = 0EB161501943D30200A2F96B /* main.m */; };
		0EB161551943D30200A2F96B /* AppDelegate.m in Sources */ = {isa = PBXBuildFile; fileRef = 0EB161541943D30200A2F96B /* AppDelegate.m */; };
		0EB161581943D30200A2F96B /* Main.storyboard in Resources */ = {isa = PBXBuildFile; fileRef = 0EB161561943D30200A2F96B /* Main.storyboard */; };
		0EB1615D1943D30200A2F96B /* Images.xcassets in Resources */ = {isa = PBXBuildFile; fileRef = 0EB1615C1943D30200A2F96B /* Images.xcassets */; };
		0EB161641943D30200A2F96B /* XCTest.framework in Frameworks */ = {isa = PBXBuildFile; fileRef = 0EB161631943D30200A2F96B /* XCTest.framework */; };
		0EB161651943D30200A2F96B /* Foundation.framework in Frameworks */ = {isa = PBXBuildFile; fileRef = 0EB161441943D30200A2F96B /* Foundation.framework */; };
		0EB161661943D30200A2F96B /* UIKit.framework in Frameworks */ = {isa = PBXBuildFile; fileRef = 0EB161481943D30200A2F96B /* UIKit.framework */; };
		0EB1616E1943D30200A2F96B /* InfoPlist.strings in Resources */ = {isa = PBXBuildFile; fileRef = 0EB1616C1943D30200A2F96B /* InfoPlist.strings */; };
		0EB161701943D30200A2F96B /* DivvyBikeFinderTests.m in Sources */ = {isa = PBXBuildFile; fileRef = 0EB1616F1943D30200A2F96B /* DivvyBikeFinderTests.m */; };
		0EB1617B19440CB900A2F96B /* DivvyStation.m in Sources */ = {isa = PBXBuildFile; fileRef = 0EB1617A19440CB900A2F96B /* DivvyStation.m */; };
		0EB1617D194417C000A2F96B /* MapKit.framework in Frameworks */ = {isa = PBXBuildFile; fileRef = 0EB1617C194417C000A2F96B /* MapKit.framework */; };
		0EB1617F194426F200A2F96B /* QuartzCore.framework in Frameworks */ = {isa = PBXBuildFile; fileRef = 0EB1617E194426F200A2F96B /* QuartzCore.framework */; };
/* End PBXBuildFile section */

/* Begin PBXContainerItemProxy section */
		0E4A5B87196BA51800273EA6 /* PBXContainerItemProxy */ = {
			isa = PBXContainerItemProxy;
			containerPortal = 0EB161391943D30200A2F96B /* Project object */;
			proxyType = 1;
			remoteGlobalIDString = 0E4A5B66196BA51800273EA6;
			remoteInfo = CodeChallenge;
		};
		0EB161671943D30200A2F96B /* PBXContainerItemProxy */ = {
			isa = PBXContainerItemProxy;
			containerPortal = 0EB161391943D30200A2F96B /* Project object */;
			proxyType = 1;
			remoteGlobalIDString = 0EB161401943D30200A2F96B;
			remoteInfo = DivvyBikeFinder;
		};
/* End PBXContainerItemProxy section */

/* Begin PBXFileReference section */
		0E056B8D198312FF001BD53D /* RouteTableViewCell.h */ = {isa = PBXFileReference; fileEncoding = 4; lastKnownFileType = sourcecode.c.h; path = RouteTableViewCell.h; sourceTree = "<group>"; };
		0E056B8E198312FF001BD53D /* RouteTableViewCell.m */ = {isa = PBXFileReference; fileEncoding = 4; lastKnownFileType = sourcecode.c.objc; path = RouteTableViewCell.m; sourceTree = "<group>"; };
		0E056B9319848664001BD53D /* UIColor+DesignColors.h */ = {isa = PBXFileReference; fileEncoding = 4; lastKnownFileType = sourcecode.c.h; path = "UIColor+DesignColors.h"; sourceTree = "<group>"; };
		0E056B9419848664001BD53D /* UIColor+DesignColors.m */ = {isa = PBXFileReference; fileEncoding = 4; lastKnownFileType = sourcecode.c.objc; path = "UIColor+DesignColors.m"; sourceTree = "<group>"; };
		0E08198B1986F3AB00CBF509 /* TimerViewController.h */ = {isa = PBXFileReference; fileEncoding = 4; lastKnownFileType = sourcecode.c.h; path = TimerViewController.h; sourceTree = "<group>"; };
		0E08198C1986F3AB00CBF509 /* TimerViewController.m */ = {isa = PBXFileReference; fileEncoding = 4; lastKnownFileType = sourcecode.c.objc; path = TimerViewController.m; sourceTree = "<group>"; };
		0E08198E19872D7100CBF509 /* AudioToolbox.framework */ = {isa = PBXFileReference; lastKnownFileType = wrapper.framework; name = AudioToolbox.framework; path = System/Library/Frameworks/AudioToolbox.framework; sourceTree = SDKROOT; };
		0E08199119881BED00CBF509 /* TDOAuth.h */ = {isa = PBXFileReference; fileEncoding = 4; lastKnownFileType = sourcecode.c.h; path = TDOAuth.h; sourceTree = "<group>"; };
		0E08199219881BED00CBF509 /* TDOAuth.m */ = {isa = PBXFileReference; fileEncoding = 4; lastKnownFileType = sourcecode.c.objc; path = TDOAuth.m; sourceTree = "<group>"; };
		0E081994198824E500CBF509 /* YelpLocation.h */ = {isa = PBXFileReference; fileEncoding = 4; lastKnownFileType = sourcecode.c.h; path = YelpLocation.h; sourceTree = "<group>"; };
		0E081995198824E500CBF509 /* YelpLocation.m */ = {isa = PBXFileReference; fileEncoding = 4; lastKnownFileType = sourcecode.c.objc; path = YelpLocation.m; sourceTree = "<group>"; };
		0E0819971988295000CBF509 /* building.png */ = {isa = PBXFileReference; lastKnownFileType = image.png; path = building.png; sourceTree = "<group>"; };
		0E0819991988307300CBF509 /* FoodAnnotation.h */ = {isa = PBXFileReference; fileEncoding = 4; lastKnownFileType = sourcecode.c.h; path = FoodAnnotation.h; sourceTree = "<group>"; };
		0E08199A1988307300CBF509 /* FoodAnnotation.m */ = {isa = PBXFileReference; fileEncoding = 4; lastKnownFileType = sourcecode.c.objc; path = FoodAnnotation.m; sourceTree = "<group>"; };
		0E08199C1988309300CBF509 /* DrinkAnnotation.h */ = {isa = PBXFileReference; fileEncoding = 4; lastKnownFileType = sourcecode.c.h; path = DrinkAnnotation.h; sourceTree = "<group>"; };
		0E08199D1988309300CBF509 /* DrinkAnnotation.m */ = {isa = PBXFileReference; fileEncoding = 4; lastKnownFileType = sourcecode.c.objc; path = DrinkAnnotation.m; sourceTree = "<group>"; };
		0E08199F198830AB00CBF509 /* ShopAnnotation.h */ = {isa = PBXFileReference; fileEncoding = 4; lastKnownFileType = sourcecode.c.h; path = ShopAnnotation.h; sourceTree = "<group>"; };
		0E0819A0198830AB00CBF509 /* ShopAnnotation.m */ = {isa = PBXFileReference; fileEncoding = 4; lastKnownFileType = sourcecode.c.objc; path = ShopAnnotation.m; sourceTree = "<group>"; };
		0E0819A2198830BC00CBF509 /* SightseeAnnotation.h */ = {isa = PBXFileReference; fileEncoding = 4; lastKnownFileType = sourcecode.c.h; path = SightseeAnnotation.h; sourceTree = "<group>"; };
		0E0819A3198830BC00CBF509 /* SightseeAnnotation.m */ = {isa = PBXFileReference; fileEncoding = 4; lastKnownFileType = sourcecode.c.objc; path = SightseeAnnotation.m; sourceTree = "<group>"; };
		0E0819A5198830CC00CBF509 /* MusicAnnotation.h */ = {isa = PBXFileReference; fileEncoding = 4; lastKnownFileType = sourcecode.c.h; path = MusicAnnotation.h; sourceTree = "<group>"; };
		0E0819A6198830CC00CBF509 /* MusicAnnotation.m */ = {isa = PBXFileReference; fileEncoding = 4; lastKnownFileType = sourcecode.c.objc; path = MusicAnnotation.m; sourceTree = "<group>"; };
		0E0819A919897F3000CBF509 /* MKAnnotationView+WebCache.h */ = {isa = PBXFileReference; fileEncoding = 4; lastKnownFileType = sourcecode.c.h; path = "MKAnnotationView+WebCache.h"; sourceTree = "<group>"; };
		0E0819AA19897F3000CBF509 /* MKAnnotationView+WebCache.m */ = {isa = PBXFileReference; fileEncoding = 4; lastKnownFileType = sourcecode.c.objc; path = "MKAnnotationView+WebCache.m"; sourceTree = "<group>"; };
		0E0819AB19897F3000CBF509 /* NSData+ImageContentType.h */ = {isa = PBXFileReference; fileEncoding = 4; lastKnownFileType = sourcecode.c.h; path = "NSData+ImageContentType.h"; sourceTree = "<group>"; };
		0E0819AC19897F3000CBF509 /* NSData+ImageContentType.m */ = {isa = PBXFileReference; fileEncoding = 4; lastKnownFileType = sourcecode.c.objc; path = "NSData+ImageContentType.m"; sourceTree = "<group>"; };
		0E0819AD19897F3000CBF509 /* SDImageCache.h */ = {isa = PBXFileReference; fileEncoding = 4; lastKnownFileType = sourcecode.c.h; path = SDImageCache.h; sourceTree = "<group>"; };
		0E0819AE19897F3000CBF509 /* SDImageCache.m */ = {isa = PBXFileReference; fileEncoding = 4; lastKnownFileType = sourcecode.c.objc; path = SDImageCache.m; sourceTree = "<group>"; };
		0E0819AF19897F3000CBF509 /* SDWebImageCompat.h */ = {isa = PBXFileReference; fileEncoding = 4; lastKnownFileType = sourcecode.c.h; path = SDWebImageCompat.h; sourceTree = "<group>"; };
		0E0819B019897F3000CBF509 /* SDWebImageCompat.m */ = {isa = PBXFileReference; fileEncoding = 4; lastKnownFileType = sourcecode.c.objc; path = SDWebImageCompat.m; sourceTree = "<group>"; };
		0E0819B119897F3000CBF509 /* SDWebImageDecoder.h */ = {isa = PBXFileReference; fileEncoding = 4; lastKnownFileType = sourcecode.c.h; path = SDWebImageDecoder.h; sourceTree = "<group>"; };
		0E0819B219897F3000CBF509 /* SDWebImageDecoder.m */ = {isa = PBXFileReference; fileEncoding = 4; lastKnownFileType = sourcecode.c.objc; path = SDWebImageDecoder.m; sourceTree = "<group>"; };
		0E0819B319897F3000CBF509 /* SDWebImageDownloader.h */ = {isa = PBXFileReference; fileEncoding = 4; lastKnownFileType = sourcecode.c.h; path = SDWebImageDownloader.h; sourceTree = "<group>"; };
		0E0819B419897F3000CBF509 /* SDWebImageDownloader.m */ = {isa = PBXFileReference; fileEncoding = 4; lastKnownFileType = sourcecode.c.objc; path = SDWebImageDownloader.m; sourceTree = "<group>"; };
		0E0819B519897F3100CBF509 /* SDWebImageDownloaderOperation.h */ = {isa = PBXFileReference; fileEncoding = 4; lastKnownFileType = sourcecode.c.h; path = SDWebImageDownloaderOperation.h; sourceTree = "<group>"; };
		0E0819B619897F3100CBF509 /* SDWebImageDownloaderOperation.m */ = {isa = PBXFileReference; fileEncoding = 4; lastKnownFileType = sourcecode.c.objc; path = SDWebImageDownloaderOperation.m; sourceTree = "<group>"; };
		0E0819B719897F3100CBF509 /* SDWebImageManager.h */ = {isa = PBXFileReference; fileEncoding = 4; lastKnownFileType = sourcecode.c.h; path = SDWebImageManager.h; sourceTree = "<group>"; };
		0E0819B819897F3100CBF509 /* SDWebImageManager.m */ = {isa = PBXFileReference; fileEncoding = 4; lastKnownFileType = sourcecode.c.objc; path = SDWebImageManager.m; sourceTree = "<group>"; };
		0E0819B919897F3100CBF509 /* SDWebImageOperation.h */ = {isa = PBXFileReference; fileEncoding = 4; lastKnownFileType = sourcecode.c.h; path = SDWebImageOperation.h; sourceTree = "<group>"; };
		0E0819BA19897F3100CBF509 /* SDWebImagePrefetcher.h */ = {isa = PBXFileReference; fileEncoding = 4; lastKnownFileType = sourcecode.c.h; path = SDWebImagePrefetcher.h; sourceTree = "<group>"; };
		0E0819BB19897F3100CBF509 /* SDWebImagePrefetcher.m */ = {isa = PBXFileReference; fileEncoding = 4; lastKnownFileType = sourcecode.c.objc; path = SDWebImagePrefetcher.m; sourceTree = "<group>"; };
		0E0819BC19897F3100CBF509 /* UIButton+WebCache.h */ = {isa = PBXFileReference; fileEncoding = 4; lastKnownFileType = sourcecode.c.h; path = "UIButton+WebCache.h"; sourceTree = "<group>"; };
		0E0819BD19897F3100CBF509 /* UIButton+WebCache.m */ = {isa = PBXFileReference; fileEncoding = 4; lastKnownFileType = sourcecode.c.objc; path = "UIButton+WebCache.m"; sourceTree = "<group>"; };
		0E0819BE19897F3100CBF509 /* UIImage+GIF.h */ = {isa = PBXFileReference; fileEncoding = 4; lastKnownFileType = sourcecode.c.h; path = "UIImage+GIF.h"; sourceTree = "<group>"; };
		0E0819BF19897F3100CBF509 /* UIImage+GIF.m */ = {isa = PBXFileReference; fileEncoding = 4; lastKnownFileType = sourcecode.c.objc; path = "UIImage+GIF.m"; sourceTree = "<group>"; };
		0E0819C019897F3100CBF509 /* UIImage+MultiFormat.h */ = {isa = PBXFileReference; fileEncoding = 4; lastKnownFileType = sourcecode.c.h; path = "UIImage+MultiFormat.h"; sourceTree = "<group>"; };
		0E0819C119897F3100CBF509 /* UIImage+MultiFormat.m */ = {isa = PBXFileReference; fileEncoding = 4; lastKnownFileType = sourcecode.c.objc; path = "UIImage+MultiFormat.m"; sourceTree = "<group>"; };
		0E0819C219897F3100CBF509 /* UIImage+WebP.h */ = {isa = PBXFileReference; fileEncoding = 4; lastKnownFileType = sourcecode.c.h; path = "UIImage+WebP.h"; sourceTree = "<group>"; };
		0E0819C319897F3100CBF509 /* UIImage+WebP.m */ = {isa = PBXFileReference; fileEncoding = 4; lastKnownFileType = sourcecode.c.objc; path = "UIImage+WebP.m"; sourceTree = "<group>"; };
		0E0819C419897F3100CBF509 /* UIImageView+HighlightedWebCache.h */ = {isa = PBXFileReference; fileEncoding = 4; lastKnownFileType = sourcecode.c.h; path = "UIImageView+HighlightedWebCache.h"; sourceTree = "<group>"; };
		0E0819C519897F3100CBF509 /* UIImageView+HighlightedWebCache.m */ = {isa = PBXFileReference; fileEncoding = 4; lastKnownFileType = sourcecode.c.objc; path = "UIImageView+HighlightedWebCache.m"; sourceTree = "<group>"; };
		0E0819C619897F3100CBF509 /* UIImageView+WebCache.h */ = {isa = PBXFileReference; fileEncoding = 4; lastKnownFileType = sourcecode.c.h; path = "UIImageView+WebCache.h"; sourceTree = "<group>"; };
		0E0819C719897F3100CBF509 /* UIImageView+WebCache.m */ = {isa = PBXFileReference; fileEncoding = 4; lastKnownFileType = sourcecode.c.objc; path = "UIImageView+WebCache.m"; sourceTree = "<group>"; };
		0E0819C819897F3100CBF509 /* UIView+WebCacheOperation.h */ = {isa = PBXFileReference; fileEncoding = 4; lastKnownFileType = sourcecode.c.h; path = "UIView+WebCacheOperation.h"; sourceTree = "<group>"; };
		0E0819C919897F3100CBF509 /* UIView+WebCacheOperation.m */ = {isa = PBXFileReference; fileEncoding = 4; lastKnownFileType = sourcecode.c.objc; path = "UIView+WebCacheOperation.m"; sourceTree = "<group>"; };
		0E0819DA198989E300CBF509 /* YelpTableViewCell.h */ = {isa = PBXFileReference; fileEncoding = 4; lastKnownFileType = sourcecode.c.h; path = YelpTableViewCell.h; sourceTree = "<group>"; };
		0E0819DB198989E300CBF509 /* YelpTableViewCell.m */ = {isa = PBXFileReference; fileEncoding = 4; lastKnownFileType = sourcecode.c.objc; path = YelpTableViewCell.m; sourceTree = "<group>"; };
		0E0FD84A196CA40A00A26E2B /* DestinationAnnotation.h */ = {isa = PBXFileReference; fileEncoding = 4; lastKnownFileType = sourcecode.c.h; name = DestinationAnnotation.h; path = ../DestinationAnnotation.h; sourceTree = "<group>"; };
		0E0FD84B196CA40A00A26E2B /* DestinationAnnotation.m */ = {isa = PBXFileReference; fileEncoding = 4; lastKnownFileType = sourcecode.c.objc; name = DestinationAnnotation.m; path = ../DestinationAnnotation.m; sourceTree = "<group>"; };
		0E1E759219809A2A00357F31 /* SearchViewController.h */ = {isa = PBXFileReference; fileEncoding = 4; lastKnownFileType = sourcecode.c.h; path = SearchViewController.h; sourceTree = "<group>"; };
		0E1E759319809A2A00357F31 /* SearchViewController.m */ = {isa = PBXFileReference; fileEncoding = 4; lastKnownFileType = sourcecode.c.objc; path = SearchViewController.m; sourceTree = "<group>"; };
		0E4A5B4B196B30CB00273EA6 /* DivvyBikeAnnotation.h */ = {isa = PBXFileReference; fileEncoding = 4; lastKnownFileType = sourcecode.c.h; path = DivvyBikeAnnotation.h; sourceTree = "<group>"; };
		0E4A5B4C196B30CB00273EA6 /* DivvyBikeAnnotation.m */ = {isa = PBXFileReference; fileEncoding = 4; lastKnownFileType = sourcecode.c.objc; path = DivvyBikeAnnotation.m; sourceTree = "<group>"; };
		0E4A5B4E196B30E600273EA6 /* NoBikesAnnotation.h */ = {isa = PBXFileReference; fileEncoding = 4; lastKnownFileType = sourcecode.c.h; path = NoBikesAnnotation.h; sourceTree = "<group>"; };
		0E4A5B4F196B30E600273EA6 /* NoBikesAnnotation.m */ = {isa = PBXFileReference; fileEncoding = 4; lastKnownFileType = sourcecode.c.objc; path = NoBikesAnnotation.m; sourceTree = "<group>"; };
		0E4A5B51196B30F900273EA6 /* NoDocksAnnotation.h */ = {isa = PBXFileReference; fileEncoding = 4; lastKnownFileType = sourcecode.c.h; path = NoDocksAnnotation.h; sourceTree = "<group>"; };
		0E4A5B52196B30F900273EA6 /* NoDocksAnnotation.m */ = {isa = PBXFileReference; fileEncoding = 4; lastKnownFileType = sourcecode.c.objc; path = NoDocksAnnotation.m; sourceTree = "<group>"; };
		0E4A5B54196B370C00273EA6 /* InitialViewController.h */ = {isa = PBXFileReference; fileEncoding = 4; lastKnownFileType = sourcecode.c.h; path = InitialViewController.h; sourceTree = "<group>"; };
		0E4A5B55196B370C00273EA6 /* InitialViewController.m */ = {isa = PBXFileReference; fileEncoding = 4; lastKnownFileType = sourcecode.c.objc; path = InitialViewController.m; sourceTree = "<group>"; };
		0E4A5B57196B462600273EA6 /* StationDetailViewController.h */ = {isa = PBXFileReference; fileEncoding = 4; lastKnownFileType = sourcecode.c.h; path = StationDetailViewController.h; sourceTree = "<group>"; };
		0E4A5B58196B462600273EA6 /* StationDetailViewController.m */ = {isa = PBXFileReference; fileEncoding = 4; lastKnownFileType = sourcecode.c.objc; path = StationDetailViewController.m; sourceTree = "<group>"; };
		0E4A5B60196B4E4D00273EA6 /* MapViewController.h */ = {isa = PBXFileReference; fileEncoding = 4; lastKnownFileType = sourcecode.c.h; path = MapViewController.h; sourceTree = "<group>"; };
		0E4A5B61196B4E4D00273EA6 /* MapViewController.m */ = {isa = PBXFileReference; fileEncoding = 4; lastKnownFileType = sourcecode.c.objc; path = MapViewController.m; sourceTree = "<group>"; };
		0E4A5B67196BA51800273EA6 /* CodeChallenge.app */ = {isa = PBXFileReference; explicitFileType = wrapper.application; includeInIndex = 0; path = CodeChallenge.app; sourceTree = BUILT_PRODUCTS_DIR; };
		0E4A5B83196BA51800273EA6 /* CodeChallengeTests.xctest */ = {isa = PBXFileReference; explicitFileType = wrapper.cfbundle; includeInIndex = 0; path = CodeChallengeTests.xctest; sourceTree = BUILT_PRODUCTS_DIR; };
		0E85B18F194629D500DE5E6C /* BikeTableViewCell.h */ = {isa = PBXFileReference; fileEncoding = 4; lastKnownFileType = sourcecode.c.h; path = BikeTableViewCell.h; sourceTree = "<group>"; };
		0E85B190194629D500DE5E6C /* BikeTableViewCell.m */ = {isa = PBXFileReference; fileEncoding = 4; lastKnownFileType = sourcecode.c.objc; path = BikeTableViewCell.m; sourceTree = "<group>"; };
		0E85B1921946F24700DE5E6C /* AddressBookUI.framework */ = {isa = PBXFileReference; lastKnownFileType = wrapper.framework; name = AddressBookUI.framework; path = System/Library/Frameworks/AddressBookUI.framework; sourceTree = SDKROOT; };
		0E918D7A1982039E006041B2 /* TripTableViewCell.h */ = {isa = PBXFileReference; fileEncoding = 4; lastKnownFileType = sourcecode.c.h; path = TripTableViewCell.h; sourceTree = "<group>"; };
		0E918D7B1982039E006041B2 /* TripTableViewCell.m */ = {isa = PBXFileReference; fileEncoding = 4; lastKnownFileType = sourcecode.c.objc; path = TripTableViewCell.m; sourceTree = "<group>"; };
		0EB161411943D30200A2F96B /* DivvyBikeFinder.app */ = {isa = PBXFileReference; explicitFileType = wrapper.application; includeInIndex = 0; path = DivvyBikeFinder.app; sourceTree = BUILT_PRODUCTS_DIR; };
		0EB161441943D30200A2F96B /* Foundation.framework */ = {isa = PBXFileReference; lastKnownFileType = wrapper.framework; name = Foundation.framework; path = System/Library/Frameworks/Foundation.framework; sourceTree = SDKROOT; };
		0EB161461943D30200A2F96B /* CoreGraphics.framework */ = {isa = PBXFileReference; lastKnownFileType = wrapper.framework; name = CoreGraphics.framework; path = System/Library/Frameworks/CoreGraphics.framework; sourceTree = SDKROOT; };
		0EB161481943D30200A2F96B /* UIKit.framework */ = {isa = PBXFileReference; lastKnownFileType = wrapper.framework; name = UIKit.framework; path = System/Library/Frameworks/UIKit.framework; sourceTree = SDKROOT; };
		0EB1614C1943D30200A2F96B /* DivvyBikeFinder-Info.plist */ = {isa = PBXFileReference; lastKnownFileType = text.plist.xml; path = "DivvyBikeFinder-Info.plist"; sourceTree = "<group>"; };
		0EB1614E1943D30200A2F96B /* en */ = {isa = PBXFileReference; lastKnownFileType = text.plist.strings; name = en; path = en.lproj/InfoPlist.strings; sourceTree = "<group>"; };
		0EB161501943D30200A2F96B /* main.m */ = {isa = PBXFileReference; lastKnownFileType = sourcecode.c.objc; path = main.m; sourceTree = "<group>"; };
		0EB161521943D30200A2F96B /* DivvyBikeFinder-Prefix.pch */ = {isa = PBXFileReference; lastKnownFileType = sourcecode.c.h; path = "DivvyBikeFinder-Prefix.pch"; sourceTree = "<group>"; };
		0EB161531943D30200A2F96B /* AppDelegate.h */ = {isa = PBXFileReference; lastKnownFileType = sourcecode.c.h; path = AppDelegate.h; sourceTree = "<group>"; };
		0EB161541943D30200A2F96B /* AppDelegate.m */ = {isa = PBXFileReference; lastKnownFileType = sourcecode.c.objc; path = AppDelegate.m; sourceTree = "<group>"; };
		0EB161571943D30200A2F96B /* Base */ = {isa = PBXFileReference; lastKnownFileType = file.storyboard; name = Base; path = Base.lproj/Main.storyboard; sourceTree = "<group>"; };
		0EB1615C1943D30200A2F96B /* Images.xcassets */ = {isa = PBXFileReference; lastKnownFileType = folder.assetcatalog; path = Images.xcassets; sourceTree = "<group>"; };
		0EB161621943D30200A2F96B /* DivvyBikeFinderTests.xctest */ = {isa = PBXFileReference; explicitFileType = wrapper.cfbundle; includeInIndex = 0; path = DivvyBikeFinderTests.xctest; sourceTree = BUILT_PRODUCTS_DIR; };
		0EB161631943D30200A2F96B /* XCTest.framework */ = {isa = PBXFileReference; lastKnownFileType = wrapper.framework; name = XCTest.framework; path = Library/Frameworks/XCTest.framework; sourceTree = DEVELOPER_DIR; };
		0EB1616B1943D30200A2F96B /* DivvyBikeFinderTests-Info.plist */ = {isa = PBXFileReference; lastKnownFileType = text.plist.xml; path = "DivvyBikeFinderTests-Info.plist"; sourceTree = "<group>"; };
		0EB1616D1943D30200A2F96B /* en */ = {isa = PBXFileReference; lastKnownFileType = text.plist.strings; name = en; path = en.lproj/InfoPlist.strings; sourceTree = "<group>"; };
		0EB1616F1943D30200A2F96B /* DivvyBikeFinderTests.m */ = {isa = PBXFileReference; lastKnownFileType = sourcecode.c.objc; path = DivvyBikeFinderTests.m; sourceTree = "<group>"; };
		0EB1617919440CB900A2F96B /* DivvyStation.h */ = {isa = PBXFileReference; fileEncoding = 4; lastKnownFileType = sourcecode.c.h; path = DivvyStation.h; sourceTree = "<group>"; };
		0EB1617A19440CB900A2F96B /* DivvyStation.m */ = {isa = PBXFileReference; fileEncoding = 4; lastKnownFileType = sourcecode.c.objc; path = DivvyStation.m; sourceTree = "<group>"; };
		0EB1617C194417C000A2F96B /* MapKit.framework */ = {isa = PBXFileReference; lastKnownFileType = wrapper.framework; name = MapKit.framework; path = System/Library/Frameworks/MapKit.framework; sourceTree = SDKROOT; };
		0EB1617E194426F200A2F96B /* QuartzCore.framework */ = {isa = PBXFileReference; lastKnownFileType = wrapper.framework; name = QuartzCore.framework; path = System/Library/Frameworks/QuartzCore.framework; sourceTree = SDKROOT; };
/* End PBXFileReference section */

/* Begin PBXFrameworksBuildPhase section */
		0E4A5B64196BA51800273EA6 /* Frameworks */ = {
			isa = PBXFrameworksBuildPhase;
			buildActionMask = 2147483647;
			files = (
				0E4A5B69196BA51800273EA6 /* CoreGraphics.framework in Frameworks */,
				0E4A5B6A196BA51800273EA6 /* UIKit.framework in Frameworks */,
				0E4A5B68196BA51800273EA6 /* Foundation.framework in Frameworks */,
			);
			runOnlyForDeploymentPostprocessing = 0;
		};
		0E4A5B80196BA51800273EA6 /* Frameworks */ = {
			isa = PBXFrameworksBuildPhase;
			buildActionMask = 2147483647;
			files = (
				0E4A5B84196BA51800273EA6 /* XCTest.framework in Frameworks */,
				0E4A5B86196BA51800273EA6 /* UIKit.framework in Frameworks */,
				0E4A5B85196BA51800273EA6 /* Foundation.framework in Frameworks */,
			);
			runOnlyForDeploymentPostprocessing = 0;
		};
		0EB1613E1943D30200A2F96B /* Frameworks */ = {
			isa = PBXFrameworksBuildPhase;
			buildActionMask = 2147483647;
			files = (
				0E08198F19872D7100CBF509 /* AudioToolbox.framework in Frameworks */,
				0E85B1931946F24700DE5E6C /* AddressBookUI.framework in Frameworks */,
				0EB1617F194426F200A2F96B /* QuartzCore.framework in Frameworks */,
				0EB1617D194417C000A2F96B /* MapKit.framework in Frameworks */,
				0EB161471943D30200A2F96B /* CoreGraphics.framework in Frameworks */,
				0EB161491943D30200A2F96B /* UIKit.framework in Frameworks */,
				0EB161451943D30200A2F96B /* Foundation.framework in Frameworks */,
			);
			runOnlyForDeploymentPostprocessing = 0;
		};
		0EB1615F1943D30200A2F96B /* Frameworks */ = {
			isa = PBXFrameworksBuildPhase;
			buildActionMask = 2147483647;
			files = (
				0EB161641943D30200A2F96B /* XCTest.framework in Frameworks */,
				0EB161661943D30200A2F96B /* UIKit.framework in Frameworks */,
				0EB161651943D30200A2F96B /* Foundation.framework in Frameworks */,
			);
			runOnlyForDeploymentPostprocessing = 0;
		};
/* End PBXFrameworksBuildPhase section */

/* Begin PBXGroup section */
		0E0819881985ABE100CBF509 /* TableView Cells */ = {
			isa = PBXGroup;
			children = (
				0E0819DA198989E300CBF509 /* YelpTableViewCell.h */,
				0E0819DB198989E300CBF509 /* YelpTableViewCell.m */,
				0E056B8D198312FF001BD53D /* RouteTableViewCell.h */,
				0E056B8E198312FF001BD53D /* RouteTableViewCell.m */,
				0E918D7A1982039E006041B2 /* TripTableViewCell.h */,
				0E918D7B1982039E006041B2 /* TripTableViewCell.m */,
				0E85B18F194629D500DE5E6C /* BikeTableViewCell.h */,
				0E85B190194629D500DE5E6C /* BikeTableViewCell.m */,
			);
			name = "TableView Cells";
			sourceTree = "<group>";
		};
		0E0819891985AC1500CBF509 /* Model Objects */ = {
			isa = PBXGroup;
			children = (
				0E081994198824E500CBF509 /* YelpLocation.h */,
				0E081995198824E500CBF509 /* YelpLocation.m */,
				0EB1617919440CB900A2F96B /* DivvyStation.h */,
				0EB1617A19440CB900A2F96B /* DivvyStation.m */,
			);
			name = "Model Objects";
			sourceTree = "<group>";
		};
		0E08198A1985AC3300CBF509 /* Design */ = {
			isa = PBXGroup;
			children = (
				0E056B9319848664001BD53D /* UIColor+DesignColors.h */,
				0E056B9419848664001BD53D /* UIColor+DesignColors.m */,
			);
			name = Design;
			sourceTree = "<group>";
		};
		0E08199019881BBE00CBF509 /* OAuth */ = {
			isa = PBXGroup;
			children = (
				0E08199119881BED00CBF509 /* TDOAuth.h */,
				0E08199219881BED00CBF509 /* TDOAuth.m */,
			);
			name = OAuth;
			sourceTree = "<group>";
		};
		0E0819A819897F0400CBF509 /* Lazy Loading */ = {
			isa = PBXGroup;
			children = (
				0E0819A919897F3000CBF509 /* MKAnnotationView+WebCache.h */,
				0E0819AA19897F3000CBF509 /* MKAnnotationView+WebCache.m */,
				0E0819AB19897F3000CBF509 /* NSData+ImageContentType.h */,
				0E0819AC19897F3000CBF509 /* NSData+ImageContentType.m */,
				0E0819AD19897F3000CBF509 /* SDImageCache.h */,
				0E0819AE19897F3000CBF509 /* SDImageCache.m */,
				0E0819AF19897F3000CBF509 /* SDWebImageCompat.h */,
				0E0819B019897F3000CBF509 /* SDWebImageCompat.m */,
				0E0819B119897F3000CBF509 /* SDWebImageDecoder.h */,
				0E0819B219897F3000CBF509 /* SDWebImageDecoder.m */,
				0E0819B319897F3000CBF509 /* SDWebImageDownloader.h */,
				0E0819B419897F3000CBF509 /* SDWebImageDownloader.m */,
				0E0819B519897F3100CBF509 /* SDWebImageDownloaderOperation.h */,
				0E0819B619897F3100CBF509 /* SDWebImageDownloaderOperation.m */,
				0E0819B719897F3100CBF509 /* SDWebImageManager.h */,
				0E0819B819897F3100CBF509 /* SDWebImageManager.m */,
				0E0819B919897F3100CBF509 /* SDWebImageOperation.h */,
				0E0819BA19897F3100CBF509 /* SDWebImagePrefetcher.h */,
				0E0819BB19897F3100CBF509 /* SDWebImagePrefetcher.m */,
				0E0819BC19897F3100CBF509 /* UIButton+WebCache.h */,
				0E0819BD19897F3100CBF509 /* UIButton+WebCache.m */,
				0E0819BE19897F3100CBF509 /* UIImage+GIF.h */,
				0E0819BF19897F3100CBF509 /* UIImage+GIF.m */,
				0E0819C019897F3100CBF509 /* UIImage+MultiFormat.h */,
				0E0819C119897F3100CBF509 /* UIImage+MultiFormat.m */,
				0E0819C219897F3100CBF509 /* UIImage+WebP.h */,
				0E0819C319897F3100CBF509 /* UIImage+WebP.m */,
				0E0819C419897F3100CBF509 /* UIImageView+HighlightedWebCache.h */,
				0E0819C519897F3100CBF509 /* UIImageView+HighlightedWebCache.m */,
				0E0819C619897F3100CBF509 /* UIImageView+WebCache.h */,
				0E0819C719897F3100CBF509 /* UIImageView+WebCache.m */,
				0E0819C819897F3100CBF509 /* UIView+WebCacheOperation.h */,
				0E0819C919897F3100CBF509 /* UIView+WebCacheOperation.m */,
			);
			name = "Lazy Loading";
			sourceTree = "<group>";
		};
		0E0FD849196CA3DA00A26E2B /* Annotations */ = {
			isa = PBXGroup;
			children = (
				0E0FD84A196CA40A00A26E2B /* DestinationAnnotation.h */,
				0E0FD84B196CA40A00A26E2B /* DestinationAnnotation.m */,
				0E4A5B4B196B30CB00273EA6 /* DivvyBikeAnnotation.h */,
				0E4A5B4C196B30CB00273EA6 /* DivvyBikeAnnotation.m */,
				0E4A5B4E196B30E600273EA6 /* NoBikesAnnotation.h */,
				0E4A5B4F196B30E600273EA6 /* NoBikesAnnotation.m */,
				0E4A5B51196B30F900273EA6 /* NoDocksAnnotation.h */,
				0E4A5B52196B30F900273EA6 /* NoDocksAnnotation.m */,
				0E0819991988307300CBF509 /* FoodAnnotation.h */,
				0E08199A1988307300CBF509 /* FoodAnnotation.m */,
				0E08199C1988309300CBF509 /* DrinkAnnotation.h */,
				0E08199D1988309300CBF509 /* DrinkAnnotation.m */,
				0E08199F198830AB00CBF509 /* ShopAnnotation.h */,
				0E0819A0198830AB00CBF509 /* ShopAnnotation.m */,
				0E0819A2198830BC00CBF509 /* SightseeAnnotation.h */,
				0E0819A3198830BC00CBF509 /* SightseeAnnotation.m */,
				0E0819A5198830CC00CBF509 /* MusicAnnotation.h */,
				0E0819A6198830CC00CBF509 /* MusicAnnotation.m */,
			);
			name = Annotations;
			sourceTree = "<group>";
		};
		0EB161381943D30200A2F96B = {
			isa = PBXGroup;
			children = (
				0EB1614A1943D30200A2F96B /* DivvyBikeFinder */,
				0EB161691943D30200A2F96B /* DivvyBikeFinderTests */,
				0EB161431943D30200A2F96B /* Frameworks */,
				0EB161421943D30200A2F96B /* Products */,
			);
			sourceTree = "<group>";
		};
		0EB161421943D30200A2F96B /* Products */ = {
			isa = PBXGroup;
			children = (
				0EB161411943D30200A2F96B /* DivvyBikeFinder.app */,
				0EB161621943D30200A2F96B /* DivvyBikeFinderTests.xctest */,
				0E4A5B67196BA51800273EA6 /* CodeChallenge.app */,
				0E4A5B83196BA51800273EA6 /* CodeChallengeTests.xctest */,
			);
			name = Products;
			sourceTree = "<group>";
		};
		0EB161431943D30200A2F96B /* Frameworks */ = {
			isa = PBXGroup;
			children = (
				0E08198E19872D7100CBF509 /* AudioToolbox.framework */,
				0E85B1921946F24700DE5E6C /* AddressBookUI.framework */,
				0EB1617E194426F200A2F96B /* QuartzCore.framework */,
				0EB1617C194417C000A2F96B /* MapKit.framework */,
				0EB161441943D30200A2F96B /* Foundation.framework */,
				0EB161461943D30200A2F96B /* CoreGraphics.framework */,
				0EB161481943D30200A2F96B /* UIKit.framework */,
				0EB161631943D30200A2F96B /* XCTest.framework */,
			);
			name = Frameworks;
			sourceTree = "<group>";
		};
		0EB1614A1943D30200A2F96B /* DivvyBikeFinder */ = {
			isa = PBXGroup;
			children = (
				0EB161531943D30200A2F96B /* AppDelegate.h */,
				0EB161541943D30200A2F96B /* AppDelegate.m */,
				0EB161561943D30200A2F96B /* Main.storyboard */,
				0E4A5B54196B370C00273EA6 /* InitialViewController.h */,
				0E4A5B55196B370C00273EA6 /* InitialViewController.m */,
				0E4A5B60196B4E4D00273EA6 /* MapViewController.h */,
				0E4A5B61196B4E4D00273EA6 /* MapViewController.m */,
				0E1E759219809A2A00357F31 /* SearchViewController.h */,
				0E1E759319809A2A00357F31 /* SearchViewController.m */,
				0E08198B1986F3AB00CBF509 /* TimerViewController.h */,
				0E08198C1986F3AB00CBF509 /* TimerViewController.m */,
				0E4A5B57196B462600273EA6 /* StationDetailViewController.h */,
				0E4A5B58196B462600273EA6 /* StationDetailViewController.m */,
				0E0819971988295000CBF509 /* building.png */,
				0EB1615C1943D30200A2F96B /* Images.xcassets */,
				0E0819A819897F0400CBF509 /* Lazy Loading */,
				0E08199019881BBE00CBF509 /* OAuth */,
				0E08198A1985AC3300CBF509 /* Design */,
				0E0819891985AC1500CBF509 /* Model Objects */,
				0E0819881985ABE100CBF509 /* TableView Cells */,
				0E0FD849196CA3DA00A26E2B /* Annotations */,
				0EB1614B1943D30200A2F96B /* Supporting Files */,
			);
			path = DivvyBikeFinder;
			sourceTree = "<group>";
		};
		0EB1614B1943D30200A2F96B /* Supporting Files */ = {
			isa = PBXGroup;
			children = (
				0EB1614C1943D30200A2F96B /* DivvyBikeFinder-Info.plist */,
				0EB1614D1943D30200A2F96B /* InfoPlist.strings */,
				0EB161501943D30200A2F96B /* main.m */,
				0EB161521943D30200A2F96B /* DivvyBikeFinder-Prefix.pch */,
			);
			name = "Supporting Files";
			sourceTree = "<group>";
		};
		0EB161691943D30200A2F96B /* DivvyBikeFinderTests */ = {
			isa = PBXGroup;
			children = (
				0EB1616F1943D30200A2F96B /* DivvyBikeFinderTests.m */,
				0EB1616A1943D30200A2F96B /* Supporting Files */,
			);
			path = DivvyBikeFinderTests;
			sourceTree = "<group>";
		};
		0EB1616A1943D30200A2F96B /* Supporting Files */ = {
			isa = PBXGroup;
			children = (
				0EB1616B1943D30200A2F96B /* DivvyBikeFinderTests-Info.plist */,
				0EB1616C1943D30200A2F96B /* InfoPlist.strings */,
			);
			name = "Supporting Files";
			sourceTree = "<group>";
		};
/* End PBXGroup section */

/* Begin PBXNativeTarget section */
		0E4A5B66196BA51800273EA6 /* CodeChallenge */ = {
			isa = PBXNativeTarget;
			buildConfigurationList = 0E4A5B91196BA51800273EA6 /* Build configuration list for PBXNativeTarget "CodeChallenge" */;
			buildPhases = (
				0E4A5B63196BA51800273EA6 /* Sources */,
				0E4A5B64196BA51800273EA6 /* Frameworks */,
				0E4A5B65196BA51800273EA6 /* Resources */,
			);
			buildRules = (
			);
			dependencies = (
			);
			name = CodeChallenge;
			productName = CodeChallenge;
			productReference = 0E4A5B67196BA51800273EA6 /* CodeChallenge.app */;
			productType = "com.apple.product-type.application";
		};
		0E4A5B82196BA51800273EA6 /* CodeChallengeTests */ = {
			isa = PBXNativeTarget;
			buildConfigurationList = 0E4A5B94196BA51800273EA6 /* Build configuration list for PBXNativeTarget "CodeChallengeTests" */;
			buildPhases = (
				0E4A5B7F196BA51800273EA6 /* Sources */,
				0E4A5B80196BA51800273EA6 /* Frameworks */,
				0E4A5B81196BA51800273EA6 /* Resources */,
			);
			buildRules = (
			);
			dependencies = (
				0E4A5B88196BA51800273EA6 /* PBXTargetDependency */,
			);
			name = CodeChallengeTests;
			productName = CodeChallengeTests;
			productReference = 0E4A5B83196BA51800273EA6 /* CodeChallengeTests.xctest */;
			productType = "com.apple.product-type.bundle.unit-test";
		};
		0EB161401943D30200A2F96B /* DivvyBikeFinder */ = {
			isa = PBXNativeTarget;
			buildConfigurationList = 0EB161731943D30200A2F96B /* Build configuration list for PBXNativeTarget "DivvyBikeFinder" */;
			buildPhases = (
				0EB1613D1943D30200A2F96B /* Sources */,
				0EB1613E1943D30200A2F96B /* Frameworks */,
				0EB1613F1943D30200A2F96B /* Resources */,
			);
			buildRules = (
			);
			dependencies = (
			);
			name = DivvyBikeFinder;
			productName = DivvyBikeFinder;
			productReference = 0EB161411943D30200A2F96B /* DivvyBikeFinder.app */;
			productType = "com.apple.product-type.application";
		};
		0EB161611943D30200A2F96B /* DivvyBikeFinderTests */ = {
			isa = PBXNativeTarget;
			buildConfigurationList = 0EB161761943D30200A2F96B /* Build configuration list for PBXNativeTarget "DivvyBikeFinderTests" */;
			buildPhases = (
				0EB1615E1943D30200A2F96B /* Sources */,
				0EB1615F1943D30200A2F96B /* Frameworks */,
				0EB161601943D30200A2F96B /* Resources */,
			);
			buildRules = (
			);
			dependencies = (
				0EB161681943D30200A2F96B /* PBXTargetDependency */,
			);
			name = DivvyBikeFinderTests;
			productName = DivvyBikeFinderTests;
			productReference = 0EB161621943D30200A2F96B /* DivvyBikeFinderTests.xctest */;
			productType = "com.apple.product-type.bundle.unit-test";
		};
/* End PBXNativeTarget section */

/* Begin PBXProject section */
		0EB161391943D30200A2F96B /* Project object */ = {
			isa = PBXProject;
			attributes = {
				LastUpgradeCheck = 0510;
				ORGANIZATIONNAME = "Mobile Makers";
				TargetAttributes = {
					0E4A5B82196BA51800273EA6 = {
						TestTargetID = 0EB161401943D30200A2F96B;
					};
					0EB161611943D30200A2F96B = {
						TestTargetID = 0EB161401943D30200A2F96B;
					};
				};
			};
			buildConfigurationList = 0EB1613C1943D30200A2F96B /* Build configuration list for PBXProject "DivvyBikeFinder" */;
			compatibilityVersion = "Xcode 3.2";
			developmentRegion = English;
			hasScannedForEncodings = 0;
			knownRegions = (
				en,
				Base,
			);
			mainGroup = 0EB161381943D30200A2F96B;
			productRefGroup = 0EB161421943D30200A2F96B /* Products */;
			projectDirPath = "";
			projectRoot = "";
			targets = (
				0EB161401943D30200A2F96B /* DivvyBikeFinder */,
				0EB161611943D30200A2F96B /* DivvyBikeFinderTests */,
				0E4A5B66196BA51800273EA6 /* CodeChallenge */,
				0E4A5B82196BA51800273EA6 /* CodeChallengeTests */,
			);
		};
/* End PBXProject section */

/* Begin PBXResourcesBuildPhase section */
		0E4A5B65196BA51800273EA6 /* Resources */ = {
			isa = PBXResourcesBuildPhase;
			buildActionMask = 2147483647;
			files = (
			);
			runOnlyForDeploymentPostprocessing = 0;
		};
		0E4A5B81196BA51800273EA6 /* Resources */ = {
			isa = PBXResourcesBuildPhase;
			buildActionMask = 2147483647;
			files = (
			);
			runOnlyForDeploymentPostprocessing = 0;
		};
		0EB1613F1943D30200A2F96B /* Resources */ = {
			isa = PBXResourcesBuildPhase;
			buildActionMask = 2147483647;
			files = (
				0EB1615D1943D30200A2F96B /* Images.xcassets in Resources */,
				0E0819981988295000CBF509 /* building.png in Resources */,
				0EB1614F1943D30200A2F96B /* InfoPlist.strings in Resources */,
				0EB161581943D30200A2F96B /* Main.storyboard in Resources */,
			);
			runOnlyForDeploymentPostprocessing = 0;
		};
		0EB161601943D30200A2F96B /* Resources */ = {
			isa = PBXResourcesBuildPhase;
			buildActionMask = 2147483647;
			files = (
				0EB1616E1943D30200A2F96B /* InfoPlist.strings in Resources */,
			);
			runOnlyForDeploymentPostprocessing = 0;
		};
/* End PBXResourcesBuildPhase section */

/* Begin PBXSourcesBuildPhase section */
		0E4A5B63196BA51800273EA6 /* Sources */ = {
			isa = PBXSourcesBuildPhase;
			buildActionMask = 2147483647;
			files = (
			);
			runOnlyForDeploymentPostprocessing = 0;
		};
		0E4A5B7F196BA51800273EA6 /* Sources */ = {
			isa = PBXSourcesBuildPhase;
			buildActionMask = 2147483647;
			files = (
			);
			runOnlyForDeploymentPostprocessing = 0;
		};
		0EB1613D1943D30200A2F96B /* Sources */ = {
			isa = PBXSourcesBuildPhase;
			buildActionMask = 2147483647;
			files = (
				0E0819CE19897F3100CBF509 /* SDWebImageDecoder.m in Sources */,
				0E0819D919897F3100CBF509 /* UIView+WebCacheOperation.m in Sources */,
				0E08198D1986F3AB00CBF509 /* TimerViewController.m in Sources */,
				0E0819D119897F3100CBF509 /* SDWebImageManager.m in Sources */,
				0E4A5B56196B370C00273EA6 /* InitialViewController.m in Sources */,
				0E08199319881BED00CBF509 /* TDOAuth.m in Sources */,
				0E85B191194629D500DE5E6C /* BikeTableViewCell.m in Sources */,
				0E0819CD19897F3100CBF509 /* SDWebImageCompat.m in Sources */,
				0E0819D019897F3100CBF509 /* SDWebImageDownloaderOperation.m in Sources */,
				0E4A5B53196B30F900273EA6 /* NoDocksAnnotation.m in Sources */,
				0E08199B1988307300CBF509 /* FoodAnnotation.m in Sources */,
				0E0819D819897F3100CBF509 /* UIImageView+WebCache.m in Sources */,
				0E056B8F198312FF001BD53D /* RouteTableViewCell.m in Sources */,
				0E056B9519848664001BD53D /* UIColor+DesignColors.m in Sources */,
				0EB1617B19440CB900A2F96B /* DivvyStation.m in Sources */,
				0E0819D719897F3100CBF509 /* UIImageView+HighlightedWebCache.m in Sources */,
				0E081996198824E500CBF509 /* YelpLocation.m in Sources */,
				0E0819A1198830AB00CBF509 /* ShopAnnotation.m in Sources */,
				0EB161551943D30200A2F96B /* AppDelegate.m in Sources */,
				0E0819DC198989E300CBF509 /* YelpTableViewCell.m in Sources */,
				0E0819D419897F3100CBF509 /* UIImage+GIF.m in Sources */,
				0E0819D519897F3100CBF509 /* UIImage+MultiFormat.m in Sources */,
				0E4A5B4D196B30CB00273EA6 /* DivvyBikeAnnotation.m in Sources */,
				0E0819D619897F3100CBF509 /* UIImage+WebP.m in Sources */,
				0E0819D219897F3100CBF509 /* SDWebImagePrefetcher.m in Sources */,
				0E0819A7198830CC00CBF509 /* MusicAnnotation.m in Sources */,
				0E4A5B50196B30E600273EA6 /* NoBikesAnnotation.m in Sources */,
				0E0FD84C196CA40A00A26E2B /* DestinationAnnotation.m in Sources */,
				0E918D7C1982039E006041B2 /* TripTableViewCell.m in Sources */,
				0E0819CA19897F3100CBF509 /* MKAnnotationView+WebCache.m in Sources */,
				0E08199E1988309300CBF509 /* DrinkAnnotation.m in Sources */,
				0E0819CF19897F3100CBF509 /* SDWebImageDownloader.m in Sources */,
				0E0819D319897F3100CBF509 /* UIButton+WebCache.m in Sources */,
				0E4A5B59196B462600273EA6 /* StationDetailViewController.m in Sources */,
				0E0819CB19897F3100CBF509 /* NSData+ImageContentType.m in Sources */,
				0EB161511943D30200A2F96B /* main.m in Sources */,
				0E1E759419809A2A00357F31 /* SearchViewController.m in Sources */,
				0E0819CC19897F3100CBF509 /* SDImageCache.m in Sources */,
				0E0819A4198830BC00CBF509 /* SightseeAnnotation.m in Sources */,
				0E4A5B62196B4E4D00273EA6 /* MapViewController.m in Sources */,
			);
			runOnlyForDeploymentPostprocessing = 0;
		};
		0EB1615E1943D30200A2F96B /* Sources */ = {
			isa = PBXSourcesBuildPhase;
			buildActionMask = 2147483647;
			files = (
				0EB161701943D30200A2F96B /* DivvyBikeFinderTests.m in Sources */,
			);
			runOnlyForDeploymentPostprocessing = 0;
		};
/* End PBXSourcesBuildPhase section */

/* Begin PBXTargetDependency section */
		0E4A5B88196BA51800273EA6 /* PBXTargetDependency */ = {
			isa = PBXTargetDependency;
			target = 0E4A5B66196BA51800273EA6 /* CodeChallenge */;
			targetProxy = 0E4A5B87196BA51800273EA6 /* PBXContainerItemProxy */;
		};
		0EB161681943D30200A2F96B /* PBXTargetDependency */ = {
			isa = PBXTargetDependency;
			target = 0EB161401943D30200A2F96B /* DivvyBikeFinder */;
			targetProxy = 0EB161671943D30200A2F96B /* PBXContainerItemProxy */;
		};
/* End PBXTargetDependency section */

/* Begin PBXVariantGroup section */
		0EB1614D1943D30200A2F96B /* InfoPlist.strings */ = {
			isa = PBXVariantGroup;
			children = (
				0EB1614E1943D30200A2F96B /* en */,
			);
			name = InfoPlist.strings;
			sourceTree = "<group>";
		};
		0EB161561943D30200A2F96B /* Main.storyboard */ = {
			isa = PBXVariantGroup;
			children = (
				0EB161571943D30200A2F96B /* Base */,
			);
			name = Main.storyboard;
			sourceTree = "<group>";
		};
		0EB1616C1943D30200A2F96B /* InfoPlist.strings */ = {
			isa = PBXVariantGroup;
			children = (
				0EB1616D1943D30200A2F96B /* en */,
			);
			name = InfoPlist.strings;
			sourceTree = "<group>";
		};
/* End PBXVariantGroup section */

/* Begin XCBuildConfiguration section */
		0E4A5B92196BA51800273EA6 /* Debug */ = {
			isa = XCBuildConfiguration;
			buildSettings = {
				ASSETCATALOG_COMPILER_APPICON_NAME = AppIcon;
				ASSETCATALOG_COMPILER_LAUNCHIMAGE_NAME = LaunchImage;
				GCC_PRECOMPILE_PREFIX_HEADER = YES;
				GCC_PREFIX_HEADER = "CodeChallenge/CodeChallenge-Prefix.pch";
				GCC_PREPROCESSOR_DEFINITIONS = (
					"DEBUG=1",
					"$(inherited)",
				);
				INFOPLIST_FILE = "CodeChallenge/CodeChallenge-Info.plist";
				PRODUCT_NAME = "$(TARGET_NAME)";
				WRAPPER_EXTENSION = app;
			};
			name = Debug;
		};
		0E4A5B93196BA51800273EA6 /* Release */ = {
			isa = XCBuildConfiguration;
			buildSettings = {
				ASSETCATALOG_COMPILER_APPICON_NAME = AppIcon;
				ASSETCATALOG_COMPILER_LAUNCHIMAGE_NAME = LaunchImage;
				GCC_PRECOMPILE_PREFIX_HEADER = YES;
				GCC_PREFIX_HEADER = "CodeChallenge/CodeChallenge-Prefix.pch";
				INFOPLIST_FILE = "CodeChallenge/CodeChallenge-Info.plist";
				PRODUCT_NAME = "$(TARGET_NAME)";
				WRAPPER_EXTENSION = app;
			};
			name = Release;
		};
		0E4A5B95196BA51800273EA6 /* Debug */ = {
			isa = XCBuildConfiguration;
			buildSettings = {
				BUNDLE_LOADER = "$(BUILT_PRODUCTS_DIR)/DivvyBikeFinder.app/DivvyBikeFinder";
				FRAMEWORK_SEARCH_PATHS = (
					"$(SDKROOT)/Developer/Library/Frameworks",
					"$(inherited)",
					"$(DEVELOPER_FRAMEWORKS_DIR)",
				);
				GCC_PRECOMPILE_PREFIX_HEADER = YES;
				GCC_PREFIX_HEADER = "CodeChallenge/CodeChallenge-Prefix.pch";
				GCC_PREPROCESSOR_DEFINITIONS = (
					"DEBUG=1",
					"$(inherited)",
				);
				INFOPLIST_FILE = "CodeChallengeTests/CodeChallengeTests-Info.plist";
				PRODUCT_NAME = "$(TARGET_NAME)";
				TEST_HOST = "$(BUNDLE_LOADER)";
				WRAPPER_EXTENSION = xctest;
			};
			name = Debug;
		};
		0E4A5B96196BA51800273EA6 /* Release */ = {
			isa = XCBuildConfiguration;
			buildSettings = {
				BUNDLE_LOADER = "$(BUILT_PRODUCTS_DIR)/DivvyBikeFinder.app/DivvyBikeFinder";
				FRAMEWORK_SEARCH_PATHS = (
					"$(SDKROOT)/Developer/Library/Frameworks",
					"$(inherited)",
					"$(DEVELOPER_FRAMEWORKS_DIR)",
				);
				GCC_PRECOMPILE_PREFIX_HEADER = YES;
				GCC_PREFIX_HEADER = "CodeChallenge/CodeChallenge-Prefix.pch";
				INFOPLIST_FILE = "CodeChallengeTests/CodeChallengeTests-Info.plist";
				PRODUCT_NAME = "$(TARGET_NAME)";
				TEST_HOST = "$(BUNDLE_LOADER)";
				WRAPPER_EXTENSION = xctest;
			};
			name = Release;
		};
		0EB161711943D30200A2F96B /* Debug */ = {
			isa = XCBuildConfiguration;
			buildSettings = {
				ALWAYS_SEARCH_USER_PATHS = NO;
				CLANG_CXX_LANGUAGE_STANDARD = "gnu++0x";
				CLANG_CXX_LIBRARY = "libc++";
				CLANG_ENABLE_MODULES = YES;
				CLANG_ENABLE_OBJC_ARC = YES;
				CLANG_WARN_BOOL_CONVERSION = YES;
				CLANG_WARN_CONSTANT_CONVERSION = YES;
				CLANG_WARN_DIRECT_OBJC_ISA_USAGE = YES_ERROR;
				CLANG_WARN_EMPTY_BODY = YES;
				CLANG_WARN_ENUM_CONVERSION = YES;
				CLANG_WARN_INT_CONVERSION = YES;
				CLANG_WARN_OBJC_ROOT_CLASS = YES_ERROR;
				CLANG_WARN__DUPLICATE_METHOD_MATCH = YES;
				"CODE_SIGN_IDENTITY[sdk=iphoneos*]" = "iPhone Developer";
				COPY_PHASE_STRIP = NO;
				GCC_C_LANGUAGE_STANDARD = gnu99;
				GCC_DYNAMIC_NO_PIC = NO;
				GCC_OPTIMIZATION_LEVEL = 0;
				GCC_PREPROCESSOR_DEFINITIONS = (
					"DEBUG=1",
					"$(inherited)",
				);
				GCC_SYMBOLS_PRIVATE_EXTERN = NO;
				GCC_WARN_64_TO_32_BIT_CONVERSION = YES;
				GCC_WARN_ABOUT_RETURN_TYPE = YES_ERROR;
				GCC_WARN_UNDECLARED_SELECTOR = YES;
				GCC_WARN_UNINITIALIZED_AUTOS = YES_AGGRESSIVE;
				GCC_WARN_UNUSED_FUNCTION = YES;
				GCC_WARN_UNUSED_VARIABLE = YES;
				IPHONEOS_DEPLOYMENT_TARGET = 7.1;
				ONLY_ACTIVE_ARCH = YES;
				SDKROOT = iphoneos;
			};
			name = Debug;
		};
		0EB161721943D30200A2F96B /* Release */ = {
			isa = XCBuildConfiguration;
			buildSettings = {
				ALWAYS_SEARCH_USER_PATHS = NO;
				CLANG_CXX_LANGUAGE_STANDARD = "gnu++0x";
				CLANG_CXX_LIBRARY = "libc++";
				CLANG_ENABLE_MODULES = YES;
				CLANG_ENABLE_OBJC_ARC = YES;
				CLANG_WARN_BOOL_CONVERSION = YES;
				CLANG_WARN_CONSTANT_CONVERSION = YES;
				CLANG_WARN_DIRECT_OBJC_ISA_USAGE = YES_ERROR;
				CLANG_WARN_EMPTY_BODY = YES;
				CLANG_WARN_ENUM_CONVERSION = YES;
				CLANG_WARN_INT_CONVERSION = YES;
				CLANG_WARN_OBJC_ROOT_CLASS = YES_ERROR;
				CLANG_WARN__DUPLICATE_METHOD_MATCH = YES;
				"CODE_SIGN_IDENTITY[sdk=iphoneos*]" = "iPhone Developer";
				COPY_PHASE_STRIP = YES;
				ENABLE_NS_ASSERTIONS = NO;
				GCC_C_LANGUAGE_STANDARD = gnu99;
				GCC_WARN_64_TO_32_BIT_CONVERSION = YES;
				GCC_WARN_ABOUT_RETURN_TYPE = YES_ERROR;
				GCC_WARN_UNDECLARED_SELECTOR = YES;
				GCC_WARN_UNINITIALIZED_AUTOS = YES_AGGRESSIVE;
				GCC_WARN_UNUSED_FUNCTION = YES;
				GCC_WARN_UNUSED_VARIABLE = YES;
				IPHONEOS_DEPLOYMENT_TARGET = 7.1;
				SDKROOT = iphoneos;
				VALIDATE_PRODUCT = YES;
			};
			name = Release;
		};
		0EB161741943D30200A2F96B /* Debug */ = {
			isa = XCBuildConfiguration;
			buildSettings = {
				ASSETCATALOG_COMPILER_APPICON_NAME = AppIcon;
				ASSETCATALOG_COMPILER_LAUNCHIMAGE_NAME = LaunchImage;
				GCC_PRECOMPILE_PREFIX_HEADER = YES;
				GCC_PREFIX_HEADER = "DivvyBikeFinder/DivvyBikeFinder-Prefix.pch";
				INFOPLIST_FILE = "DivvyBikeFinder/DivvyBikeFinder-Info.plist";
				PRODUCT_NAME = "$(TARGET_NAME)";
				WRAPPER_EXTENSION = app;
			};
			name = Debug;
		};
		0EB161751943D30200A2F96B /* Release */ = {
			isa = XCBuildConfiguration;
			buildSettings = {
				ASSETCATALOG_COMPILER_APPICON_NAME = AppIcon;
				ASSETCATALOG_COMPILER_LAUNCHIMAGE_NAME = LaunchImage;
				GCC_PRECOMPILE_PREFIX_HEADER = YES;
				GCC_PREFIX_HEADER = "DivvyBikeFinder/DivvyBikeFinder-Prefix.pch";
				INFOPLIST_FILE = "DivvyBikeFinder/DivvyBikeFinder-Info.plist";
				PRODUCT_NAME = "$(TARGET_NAME)";
				WRAPPER_EXTENSION = app;
			};
			name = Release;
		};
		0EB161771943D30200A2F96B /* Debug */ = {
			isa = XCBuildConfiguration;
			buildSettings = {
				BUNDLE_LOADER = "$(BUILT_PRODUCTS_DIR)/DivvyBikeFinder.app/DivvyBikeFinder";
				FRAMEWORK_SEARCH_PATHS = (
					"$(SDKROOT)/Developer/Library/Frameworks",
					"$(inherited)",
					"$(DEVELOPER_FRAMEWORKS_DIR)",
				);
				GCC_PRECOMPILE_PREFIX_HEADER = YES;
				GCC_PREFIX_HEADER = "DivvyBikeFinder/DivvyBikeFinder-Prefix.pch";
				GCC_PREPROCESSOR_DEFINITIONS = (
					"DEBUG=1",
					"$(inherited)",
				);
				INFOPLIST_FILE = "DivvyBikeFinderTests/DivvyBikeFinderTests-Info.plist";
				PRODUCT_NAME = "$(TARGET_NAME)";
				TEST_HOST = "$(BUNDLE_LOADER)";
				WRAPPER_EXTENSION = xctest;
			};
			name = Debug;
		};
		0EB161781943D30200A2F96B /* Release */ = {
			isa = XCBuildConfiguration;
			buildSettings = {
				BUNDLE_LOADER = "$(BUILT_PRODUCTS_DIR)/DivvyBikeFinder.app/DivvyBikeFinder";
				FRAMEWORK_SEARCH_PATHS = (
					"$(SDKROOT)/Developer/Library/Frameworks",
					"$(inherited)",
					"$(DEVELOPER_FRAMEWORKS_DIR)",
				);
				GCC_PRECOMPILE_PREFIX_HEADER = YES;
				GCC_PREFIX_HEADER = "DivvyBikeFinder/DivvyBikeFinder-Prefix.pch";
				INFOPLIST_FILE = "DivvyBikeFinderTests/DivvyBikeFinderTests-Info.plist";
				PRODUCT_NAME = "$(TARGET_NAME)";
				TEST_HOST = "$(BUNDLE_LOADER)";
				WRAPPER_EXTENSION = xctest;
			};
			name = Release;
		};
/* End XCBuildConfiguration section */

/* Begin XCConfigurationList section */
		0E4A5B91196BA51800273EA6 /* Build configuration list for PBXNativeTarget "CodeChallenge" */ = {
			isa = XCConfigurationList;
			buildConfigurations = (
				0E4A5B92196BA51800273EA6 /* Debug */,
				0E4A5B93196BA51800273EA6 /* Release */,
			);
			defaultConfigurationIsVisible = 0;
			defaultConfigurationName = Release;
		};
		0E4A5B94196BA51800273EA6 /* Build configuration list for PBXNativeTarget "CodeChallengeTests" */ = {
			isa = XCConfigurationList;
			buildConfigurations = (
				0E4A5B95196BA51800273EA6 /* Debug */,
				0E4A5B96196BA51800273EA6 /* Release */,
			);
			defaultConfigurationIsVisible = 0;
			defaultConfigurationName = Release;
		};
		0EB1613C1943D30200A2F96B /* Build configuration list for PBXProject "DivvyBikeFinder" */ = {
			isa = XCConfigurationList;
			buildConfigurations = (
				0EB161711943D30200A2F96B /* Debug */,
				0EB161721943D30200A2F96B /* Release */,
			);
			defaultConfigurationIsVisible = 0;
			defaultConfigurationName = Release;
		};
		0EB161731943D30200A2F96B /* Build configuration list for PBXNativeTarget "DivvyBikeFinder" */ = {
			isa = XCConfigurationList;
			buildConfigurations = (
				0EB161741943D30200A2F96B /* Debug */,
				0EB161751943D30200A2F96B /* Release */,
			);
			defaultConfigurationIsVisible = 0;
			defaultConfigurationName = Release;
		};
		0EB161761943D30200A2F96B /* Build configuration list for PBXNativeTarget "DivvyBikeFinderTests" */ = {
			isa = XCConfigurationList;
			buildConfigurations = (
				0EB161771943D30200A2F96B /* Debug */,
				0EB161781943D30200A2F96B /* Release */,
			);
			defaultConfigurationIsVisible = 0;
			defaultConfigurationName = Release;
		};
/* End XCConfigurationList section */
	};
	rootObject = 0EB161391943D30200A2F96B /* Project object */;
}
